
Microsoft Visual Studio Solution File, Format Version 12.00
# Visual Studio Version 16
VisualStudioVersion = 16.0.30621.155
MinimumVisualStudioVersion = 10.0.40219.1
Project("{8BC9CEB8-8B4A-11D0-8D11-00A0C91BC942}") = "ClassApp2", "ClassApp2.vcxproj", "{983A8A50-A9A5-4A54-B1B2-CC9C486CCC1D}"
EndProject
Global
	GlobalSection(SolutionConfigurationPlatforms) = preSolution
		Debug|x64 = Debug|x64
		Debug|x86 = Debug|x86
		Release|x64 = Release|x64
		Release|x86 = Release|x86
	EndGlobalSection
	GlobalSection(ProjectConfigurationPlatforms) = postSolution
		{983A8A50-A9A5-4A54-B1B2-CC9C486CCC1D}.Debug|x64.ActiveCfg = Debug|x64
		{983A8A50-A9A5-4A54-B1B2-CC9C486CCC1D}.Debug|x64.Build.0 = Debug|x64
		{983A8A50-A9A5-4A54-B1B2-CC9C486CCC1D}.Debug|x86.ActiveCfg = Debug|Win32
		{983A8A50-A9A5-4A54-B1B2-CC9C486CCC1D}.Debug|x86.Build.0 = Debug|Win32
		{983A8A50-A9A5-4A54-B1B2-CC9C486CCC1D}.Release|x64.ActiveCfg = Release|x64
		{983A8A50-A9A5-4A54-B1B2-CC9C486CCC1D}.Release|x64.Build.0 = Release|x64
		{983A8A50-A9A5-4A54-B1B2-CC9C486CCC1D}.Release|x86.ActiveCfg = Release|Win32
		{983A8A50-A9A5-4A54-B1B2-CC9C486CCC1D}.Release|x86.Build.0 = Release|Win32
	EndGlobalSection
	GlobalSection(SolutionProperties) = preSolution
		HideSolutionNode = FALSE
	EndGlobalSection
	GlobalSection(ExtensibilityGlobals) = postSolution
		SolutionGuid = {8635B105-8277-4269-A43E-54D15CDFB3BC}
	EndGlobalSection
EndGlobal
